
Microsoft Visual Studio Solution File, Format Version 12.00
# Visual Studio Version 17
VisualStudioVersion = 17.3.32819.101
MinimumVisualStudioVersion = 10.0.40219.1
Project("{2150E333-8FDC-42A3-9474-1A3956D46DE8}") = "Object Oriented Programming", "Object Oriented Programming", "{5FB27114-F524-4DAB-A213-AE3A97AAAA36}"
EndProject
Project("{8BC9CEB8-8B4A-11D0-8D11-00A0C91BC942}") = "welcome", "welcome\welcome.vcxproj", "{4CB857C7-3E30-4E26-817B-A75FEA900854}"
EndProject
Project("{8BC9CEB8-8B4A-11D0-8D11-00A0C91BC942}") = "IntegrateAll", "IntegrateAll\IntegrateAll.vcxproj", "{2765826D-8C48-4F8D-B83F-6524E65C748D}"
EndProject
Project("{8BC9CEB8-8B4A-11D0-8D11-00A0C91BC942}") = "practice", "practice\practice.vcxproj", "{B10CEF43-D276-4317-9464-6B84FAC7F99E}"
EndProject
Project("{8BC9CEB8-8B4A-11D0-8D11-00A0C91BC942}") = "copy", "copy\copy.vcxproj", "{FFC9BA92-3ACF-4359-B3E1-05D6B7126479}"
EndProject
Project("{8BC9CEB8-8B4A-11D0-8D11-00A0C91BC942}") = "yahtzee", "yahtzee\yahtzee.vcxproj", "{2163B949-34F7-4130-9AF4-8EE98190A542}"
EndProject
Project("{8BC9CEB8-8B4A-11D0-8D11-00A0C91BC942}") = "Lab 01", "Lab 01\Lab 01.vcxproj", "{B8A4AE93-AB5B-4D23-8385-0DC1CF9FB9DC}"
EndProject
Project("{8BC9CEB8-8B4A-11D0-8D11-00A0C91BC942}") = "pointers-arrays-practice", "pointers-arrays-practice\pointers-arrays-practice.vcxproj", "{FF675BDA-D9AC-44D5-96E6-7F3937FB176D}"
EndProject
Project("{8BC9CEB8-8B4A-11D0-8D11-00A0C91BC942}") = "triangle", "triangle\triangle.vcxproj", "{C437E2F9-94DC-418B-BB15-36E799E44714}"
EndProject
Project("{8BC9CEB8-8B4A-11D0-8D11-00A0C91BC942}") = "GeometryPractice", "GeometryPractice\GeometryPractice.vcxproj", "{FC3361C9-71BF-49E1-A966-6108D7BA0F92}"
EndProject
Project("{8BC9CEB8-8B4A-11D0-8D11-00A0C91BC942}") = "myLoan", "loan\loan.vcxproj", "{C3282AD1-681D-42AF-B19B-F9F745CBB3E2}"
EndProject
Project("{8BC9CEB8-8B4A-11D0-8D11-00A0C91BC942}") = "examPractice", "examPractice\examPractice.vcxproj", "{66CB75FE-2C14-4F22-BF04-AAF558B2E674}"
EndProject
Project("{8BC9CEB8-8B4A-11D0-8D11-00A0C91BC942}") = "Lab1-2", "Lab1-2\Lab1-2.vcxproj", "{87F6FAC8-6530-4760-96B1-8674F405092C}"
EndProject
Project("{8BC9CEB8-8B4A-11D0-8D11-00A0C91BC942}") = "Lab02", "Lab02\Lab02.vcxproj", "{7826DCAB-5042-4E26-8BDB-F33FD879E2B0}"
EndProject
Project("{8BC9CEB8-8B4A-11D0-8D11-00A0C91BC942}") = "Lab03", "Lab03\Lab03.vcxproj", "{8CF01303-F597-488E-9AB4-6513ACF5D734}"
EndProject
Project("{8BC9CEB8-8B4A-11D0-8D11-00A0C91BC942}") = "Lab04", "Lab04\Lab04.vcxproj", "{101F80A1-2BC1-4D4B-8A8C-DDB0374C53DD}"
EndProject
Project("{8BC9CEB8-8B4A-11D0-8D11-00A0C91BC942}") = "Lab05", "Lab05\Lab05.vcxproj", "{77B5AC01-295C-45A2-8252-4C35EF9BE3B1}"
EndProject
Project("{8BC9CEB8-8B4A-11D0-8D11-00A0C91BC942}") = "Lab06", "Lab06\Lab06.vcxproj", "{E51E4CE2-4CF2-40D2-BA5D-A79BCC2E6848}"
EndProject
Project("{8BC9CEB8-8B4A-11D0-8D11-00A0C91BC942}") = "Lab05-2", "Lab05-2\Lab05-2.vcxproj", "{32C7D98D-3DB6-4E57-BF67-7B7B1015B21C}"
EndProject
Project("{8BC9CEB8-8B4A-11D0-8D11-00A0C91BC942}") = "Lab06-2", "Lab06-2\Lab06-2.vcxproj", "{FBAAF2A8-7ED4-459E-AE23-4B4967C47072}"
EndProject
Project("{8BC9CEB8-8B4A-11D0-8D11-00A0C91BC942}") = "Lab7", "Lab7\Lab7.vcxproj", "{634F4BBC-2824-4DDA-8F39-1572A955D8DB}"
EndProject
Project("{8BC9CEB8-8B4A-11D0-8D11-00A0C91BC942}") = "Lab08", "Lab08\Lab08.vcxproj", "{1BCC1373-2865-40B3-A0E7-F8B5367DC265}"
EndProject
Project("{8BC9CEB8-8B4A-11D0-8D11-00A0C91BC942}") = "Lab09", "Lab09\Lab09.vcxproj", "{4C648DE2-B5B2-4067-A54A-691840BE08B5}"
EndProject
Project("{8BC9CEB8-8B4A-11D0-8D11-00A0C91BC942}") = "Lab10", "Lab10\Lab10.vcxproj", "{A59F8483-A4E7-465D-BB17-4206834AA6CF}"
EndProject
Project("{8BC9CEB8-8B4A-11D0-8D11-00A0C91BC942}") = "EmployeeManagement", "EmployeeManagement\EmployeeManagement.vcxproj", "{8FE3274F-73E6-447E-9362-20CA81E46EED}"
EndProject
Project("{8BC9CEB8-8B4A-11D0-8D11-00A0C91BC942}") = "Lab 11", "Lab 11\Lab 11.vcxproj", "{38810BD2-1FBB-4799-B1FF-1753D2EDF85F}"
EndProject
Project("{8BC9CEB8-8B4A-11D0-8D11-00A0C91BC942}") = "Lab12", "Lab12\Lab12.vcxproj", "{A5587655-82FA-4354-89EA-A0F6A375D5CB}"
EndProject
Project("{8BC9CEB8-8B4A-11D0-8D11-00A0C91BC942}") = "Chapter 15", "Chapter 15\Chapter 15.vcxproj", "{A8A44644-AD5C-4662-8753-AE48806C1E7E}"
EndProject
Global
	GlobalSection(SolutionConfigurationPlatforms) = preSolution
		Debug|x64 = Debug|x64
		Debug|x86 = Debug|x86
		Release|x64 = Release|x64
		Release|x86 = Release|x86
	EndGlobalSection
	GlobalSection(ProjectConfigurationPlatforms) = postSolution
		{4CB857C7-3E30-4E26-817B-A75FEA900854}.Debug|x64.ActiveCfg = Debug|x64
		{4CB857C7-3E30-4E26-817B-A75FEA900854}.Debug|x64.Build.0 = Debug|x64
		{4CB857C7-3E30-4E26-817B-A75FEA900854}.Debug|x86.ActiveCfg = Debug|Win32
		{4CB857C7-3E30-4E26-817B-A75FEA900854}.Debug|x86.Build.0 = Debug|Win32
		{4CB857C7-3E30-4E26-817B-A75FEA900854}.Release|x64.ActiveCfg = Release|x64
		{4CB857C7-3E30-4E26-817B-A75FEA900854}.Release|x64.Build.0 = Release|x64
		{4CB857C7-3E30-4E26-817B-A75FEA900854}.Release|x86.ActiveCfg = Release|Win32
		{4CB857C7-3E30-4E26-817B-A75FEA900854}.Release|x86.Build.0 = Release|Win32
		{2765826D-8C48-4F8D-B83F-6524E65C748D}.Debug|x64.ActiveCfg = Debug|x64
		{2765826D-8C48-4F8D-B83F-6524E65C748D}.Debug|x64.Build.0 = Debug|x64
		{2765826D-8C48-4F8D-B83F-6524E65C748D}.Debug|x86.ActiveCfg = Debug|Win32
		{2765826D-8C48-4F8D-B83F-6524E65C748D}.Debug|x86.Build.0 = Debug|Win32
		{2765826D-8C48-4F8D-B83F-6524E65C748D}.Release|x64.ActiveCfg = Release|x64
		{2765826D-8C48-4F8D-B83F-6524E65C748D}.Release|x64.Build.0 = Release|x64
		{2765826D-8C48-4F8D-B83F-6524E65C748D}.Release|x86.ActiveCfg = Release|Win32
		{2765826D-8C48-4F8D-B83F-6524E65C748D}.Release|x86.Build.0 = Release|Win32
		{B10CEF43-D276-4317-9464-6B84FAC7F99E}.Debug|x64.ActiveCfg = Debug|x64
		{B10CEF43-D276-4317-9464-6B84FAC7F99E}.Debug|x64.Build.0 = Debug|x64
		{B10CEF43-D276-4317-9464-6B84FAC7F99E}.Debug|x86.ActiveCfg = Debug|Win32
		{B10CEF43-D276-4317-9464-6B84FAC7F99E}.Debug|x86.Build.0 = Debug|Win32
		{B10CEF43-D276-4317-9464-6B84FAC7F99E}.Release|x64.ActiveCfg = Release|x64
		{B10CEF43-D276-4317-9464-6B84FAC7F99E}.Release|x64.Build.0 = Release|x64
		{B10CEF43-D276-4317-9464-6B84FAC7F99E}.Release|x86.ActiveCfg = Release|Win32
		{B10CEF43-D276-4317-9464-6B84FAC7F99E}.Release|x86.Build.0 = Release|Win32
		{FFC9BA92-3ACF-4359-B3E1-05D6B7126479}.Debug|x64.ActiveCfg = Debug|x64
		{FFC9BA92-3ACF-4359-B3E1-05D6B7126479}.Debug|x64.Build.0 = Debug|x64
		{FFC9BA92-3ACF-4359-B3E1-05D6B7126479}.Debug|x86.ActiveCfg = Debug|Win32
		{FFC9BA92-3ACF-4359-B3E1-05D6B7126479}.Debug|x86.Build.0 = Debug|Win32
		{FFC9BA92-3ACF-4359-B3E1-05D6B7126479}.Release|x64.ActiveCfg = Release|x64
		{FFC9BA92-3ACF-4359-B3E1-05D6B7126479}.Release|x64.Build.0 = Release|x64
		{FFC9BA92-3ACF-4359-B3E1-05D6B7126479}.Release|x86.ActiveCfg = Release|Win32
		{FFC9BA92-3ACF-4359-B3E1-05D6B7126479}.Release|x86.Build.0 = Release|Win32
		{2163B949-34F7-4130-9AF4-8EE98190A542}.Debug|x64.ActiveCfg = Debug|x64
		{2163B949-34F7-4130-9AF4-8EE98190A542}.Debug|x64.Build.0 = Debug|x64
		{2163B949-34F7-4130-9AF4-8EE98190A542}.Debug|x86.ActiveCfg = Debug|Win32
		{2163B949-34F7-4130-9AF4-8EE98190A542}.Debug|x86.Build.0 = Debug|Win32
		{2163B949-34F7-4130-9AF4-8EE98190A542}.Release|x64.ActiveCfg = Release|x64
		{2163B949-34F7-4130-9AF4-8EE98190A542}.Release|x64.Build.0 = Release|x64
		{2163B949-34F7-4130-9AF4-8EE98190A542}.Release|x86.ActiveCfg = Release|Win32
		{2163B949-34F7-4130-9AF4-8EE98190A542}.Release|x86.Build.0 = Release|Win32
		{B8A4AE93-AB5B-4D23-8385-0DC1CF9FB9DC}.Debug|x64.ActiveCfg = Debug|x64
		{B8A4AE93-AB5B-4D23-8385-0DC1CF9FB9DC}.Debug|x64.Build.0 = Debug|x64
		{B8A4AE93-AB5B-4D23-8385-0DC1CF9FB9DC}.Debug|x86.ActiveCfg = Debug|Win32
		{B8A4AE93-AB5B-4D23-8385-0DC1CF9FB9DC}.Debug|x86.Build.0 = Debug|Win32
		{B8A4AE93-AB5B-4D23-8385-0DC1CF9FB9DC}.Release|x64.ActiveCfg = Release|x64
		{B8A4AE93-AB5B-4D23-8385-0DC1CF9FB9DC}.Release|x64.Build.0 = Release|x64
		{B8A4AE93-AB5B-4D23-8385-0DC1CF9FB9DC}.Release|x86.ActiveCfg = Release|Win32
		{B8A4AE93-AB5B-4D23-8385-0DC1CF9FB9DC}.Release|x86.Build.0 = Release|Win32
		{FF675BDA-D9AC-44D5-96E6-7F3937FB176D}.Debug|x64.ActiveCfg = Debug|x64
		{FF675BDA-D9AC-44D5-96E6-7F3937FB176D}.Debug|x64.Build.0 = Debug|x64
		{FF675BDA-D9AC-44D5-96E6-7F3937FB176D}.Debug|x86.ActiveCfg = Debug|Win32
		{FF675BDA-D9AC-44D5-96E6-7F3937FB176D}.Debug|x86.Build.0 = Debug|Win32
		{FF675BDA-D9AC-44D5-96E6-7F3937FB176D}.Release|x64.ActiveCfg = Release|x64
		{FF675BDA-D9AC-44D5-96E6-7F3937FB176D}.Release|x64.Build.0 = Release|x64
		{FF675BDA-D9AC-44D5-96E6-7F3937FB176D}.Release|x86.ActiveCfg = Release|Win32
		{FF675BDA-D9AC-44D5-96E6-7F3937FB176D}.Release|x86.Build.0 = Release|Win32
		{C437E2F9-94DC-418B-BB15-36E799E44714}.Debug|x64.ActiveCfg = Debug|x64
		{C437E2F9-94DC-418B-BB15-36E799E44714}.Debug|x64.Build.0 = Debug|x64
		{C437E2F9-94DC-418B-BB15-36E799E44714}.Debug|x86.ActiveCfg = Debug|Win32
		{C437E2F9-94DC-418B-BB15-36E799E44714}.Debug|x86.Build.0 = Debug|Win32
		{C437E2F9-94DC-418B-BB15-36E799E44714}.Release|x64.ActiveCfg = Release|x64
		{C437E2F9-94DC-418B-BB15-36E799E44714}.Release|x64.Build.0 = Release|x64
		{C437E2F9-94DC-418B-BB15-36E799E44714}.Release|x86.ActiveCfg = Release|Win32
		{C437E2F9-94DC-418B-BB15-36E799E44714}.Release|x86.Build.0 = Release|Win32
		{FC3361C9-71BF-49E1-A966-6108D7BA0F92}.Debug|x64.ActiveCfg = Debug|x64
		{FC3361C9-71BF-49E1-A966-6108D7BA0F92}.Debug|x64.Build.0 = Debug|x64
		{FC3361C9-71BF-49E1-A966-6108D7BA0F92}.Debug|x86.ActiveCfg = Debug|Win32
		{FC3361C9-71BF-49E1-A966-6108D7BA0F92}.Debug|x86.Build.0 = Debug|Win32
		{FC3361C9-71BF-49E1-A966-6108D7BA0F92}.Release|x64.ActiveCfg = Release|x64
		{FC3361C9-71BF-49E1-A966-6108D7BA0F92}.Release|x64.Build.0 = Release|x64
		{FC3361C9-71BF-49E1-A966-6108D7BA0F92}.Release|x86.ActiveCfg = Release|Win32
		{FC3361C9-71BF-49E1-A966-6108D7BA0F92}.Release|x86.Build.0 = Release|Win32
		{C3282AD1-681D-42AF-B19B-F9F745CBB3E2}.Debug|x64.ActiveCfg = Debug|x64
		{C3282AD1-681D-42AF-B19B-F9F745CBB3E2}.Debug|x64.Build.0 = Debug|x64
		{C3282AD1-681D-42AF-B19B-F9F745CBB3E2}.Debug|x86.ActiveCfg = Debug|Win32
		{C3282AD1-681D-42AF-B19B-F9F745CBB3E2}.Debug|x86.Build.0 = Debug|Win32
		{C3282AD1-681D-42AF-B19B-F9F745CBB3E2}.Release|x64.ActiveCfg = Release|x64
		{C3282AD1-681D-42AF-B19B-F9F745CBB3E2}.Release|x64.Build.0 = Release|x64
		{C3282AD1-681D-42AF-B19B-F9F745CBB3E2}.Release|x86.ActiveCfg = Release|Win32
		{C3282AD1-681D-42AF-B19B-F9F745CBB3E2}.Release|x86.Build.0 = Release|Win32
		{66CB75FE-2C14-4F22-BF04-AAF558B2E674}.Debug|x64.ActiveCfg = Debug|x64
		{66CB75FE-2C14-4F22-BF04-AAF558B2E674}.Debug|x64.Build.0 = Debug|x64
		{66CB75FE-2C14-4F22-BF04-AAF558B2E674}.Debug|x86.ActiveCfg = Debug|Win32
		{66CB75FE-2C14-4F22-BF04-AAF558B2E674}.Debug|x86.Build.0 = Debug|Win32
		{66CB75FE-2C14-4F22-BF04-AAF558B2E674}.Release|x64.ActiveCfg = Release|x64
		{66CB75FE-2C14-4F22-BF04-AAF558B2E674}.Release|x64.Build.0 = Release|x64
		{66CB75FE-2C14-4F22-BF04-AAF558B2E674}.Release|x86.ActiveCfg = Release|Win32
		{66CB75FE-2C14-4F22-BF04-AAF558B2E674}.Release|x86.Build.0 = Release|Win32
		{87F6FAC8-6530-4760-96B1-8674F405092C}.Debug|x64.ActiveCfg = Debug|x64
		{87F6FAC8-6530-4760-96B1-8674F405092C}.Debug|x64.Build.0 = Debug|x64
		{87F6FAC8-6530-4760-96B1-8674F405092C}.Debug|x86.ActiveCfg = Debug|Win32
		{87F6FAC8-6530-4760-96B1-8674F405092C}.Debug|x86.Build.0 = Debug|Win32
		{87F6FAC8-6530-4760-96B1-8674F405092C}.Release|x64.ActiveCfg = Release|x64
		{87F6FAC8-6530-4760-96B1-8674F405092C}.Release|x64.Build.0 = Release|x64
		{87F6FAC8-6530-4760-96B1-8674F405092C}.Release|x86.ActiveCfg = Release|Win32
		{87F6FAC8-6530-4760-96B1-8674F405092C}.Release|x86.Build.0 = Release|Win32
		{7826DCAB-5042-4E26-8BDB-F33FD879E2B0}.Debug|x64.ActiveCfg = Debug|x64
		{7826DCAB-5042-4E26-8BDB-F33FD879E2B0}.Debug|x64.Build.0 = Debug|x64
		{7826DCAB-5042-4E26-8BDB-F33FD879E2B0}.Debug|x86.ActiveCfg = Debug|Win32
		{7826DCAB-5042-4E26-8BDB-F33FD879E2B0}.Debug|x86.Build.0 = Debug|Win32
		{7826DCAB-5042-4E26-8BDB-F33FD879E2B0}.Release|x64.ActiveCfg = Release|x64
		{7826DCAB-5042-4E26-8BDB-F33FD879E2B0}.Release|x64.Build.0 = Release|x64
		{7826DCAB-5042-4E26-8BDB-F33FD879E2B0}.Release|x86.ActiveCfg = Release|Win32
		{7826DCAB-5042-4E26-8BDB-F33FD879E2B0}.Release|x86.Build.0 = Release|Win32
		{8CF01303-F597-488E-9AB4-6513ACF5D734}.Debug|x64.ActiveCfg = Debug|x64
		{8CF01303-F597-488E-9AB4-6513ACF5D734}.Debug|x64.Build.0 = Debug|x64
		{8CF01303-F597-488E-9AB4-6513ACF5D734}.Debug|x86.ActiveCfg = Debug|Win32
		{8CF01303-F597-488E-9AB4-6513ACF5D734}.Debug|x86.Build.0 = Debug|Win32
		{8CF01303-F597-488E-9AB4-6513ACF5D734}.Release|x64.ActiveCfg = Release|x64
		{8CF01303-F597-488E-9AB4-6513ACF5D734}.Release|x64.Build.0 = Release|x64
		{8CF01303-F597-488E-9AB4-6513ACF5D734}.Release|x86.ActiveCfg = Release|Win32
		{8CF01303-F597-488E-9AB4-6513ACF5D734}.Release|x86.Build.0 = Release|Win32
		{101F80A1-2BC1-4D4B-8A8C-DDB0374C53DD}.Debug|x64.ActiveCfg = Debug|x64
		{101F80A1-2BC1-4D4B-8A8C-DDB0374C53DD}.Debug|x64.Build.0 = Debug|x64
		{101F80A1-2BC1-4D4B-8A8C-DDB0374C53DD}.Debug|x86.ActiveCfg = Debug|Win32
		{101F80A1-2BC1-4D4B-8A8C-DDB0374C53DD}.Debug|x86.Build.0 = Debug|Win32
		{101F80A1-2BC1-4D4B-8A8C-DDB0374C53DD}.Release|x64.ActiveCfg = Release|x64
		{101F80A1-2BC1-4D4B-8A8C-DDB0374C53DD}.Release|x64.Build.0 = Release|x64
		{101F80A1-2BC1-4D4B-8A8C-DDB0374C53DD}.Release|x86.ActiveCfg = Release|Win32
		{101F80A1-2BC1-4D4B-8A8C-DDB0374C53DD}.Release|x86.Build.0 = Release|Win32
		{77B5AC01-295C-45A2-8252-4C35EF9BE3B1}.Debug|x64.ActiveCfg = Debug|x64
		{77B5AC01-295C-45A2-8252-4C35EF9BE3B1}.Debug|x64.Build.0 = Debug|x64
		{77B5AC01-295C-45A2-8252-4C35EF9BE3B1}.Debug|x86.ActiveCfg = Debug|Win32
		{77B5AC01-295C-45A2-8252-4C35EF9BE3B1}.Debug|x86.Build.0 = Debug|Win32
		{77B5AC01-295C-45A2-8252-4C35EF9BE3B1}.Release|x64.ActiveCfg = Release|x64
		{77B5AC01-295C-45A2-8252-4C35EF9BE3B1}.Release|x64.Build.0 = Release|x64
		{77B5AC01-295C-45A2-8252-4C35EF9BE3B1}.Release|x86.ActiveCfg = Release|Win32
		{77B5AC01-295C-45A2-8252-4C35EF9BE3B1}.Release|x86.Build.0 = Release|Win32
		{E51E4CE2-4CF2-40D2-BA5D-A79BCC2E6848}.Debug|x64.ActiveCfg = Debug|x64
		{E51E4CE2-4CF2-40D2-BA5D-A79BCC2E6848}.Debug|x64.Build.0 = Debug|x64
		{E51E4CE2-4CF2-40D2-BA5D-A79BCC2E6848}.Debug|x86.ActiveCfg = Debug|Win32
		{E51E4CE2-4CF2-40D2-BA5D-A79BCC2E6848}.Debug|x86.Build.0 = Debug|Win32
		{E51E4CE2-4CF2-40D2-BA5D-A79BCC2E6848}.Release|x64.ActiveCfg = Release|x64
		{E51E4CE2-4CF2-40D2-BA5D-A79BCC2E6848}.Release|x64.Build.0 = Release|x64
		{E51E4CE2-4CF2-40D2-BA5D-A79BCC2E6848}.Release|x86.ActiveCfg = Release|Win32
		{E51E4CE2-4CF2-40D2-BA5D-A79BCC2E6848}.Release|x86.Build.0 = Release|Win32
		{32C7D98D-3DB6-4E57-BF67-7B7B1015B21C}.Debug|x64.ActiveCfg = Debug|x64
		{32C7D98D-3DB6-4E57-BF67-7B7B1015B21C}.Debug|x64.Build.0 = Debug|x64
		{32C7D98D-3DB6-4E57-BF67-7B7B1015B21C}.Debug|x86.ActiveCfg = Debug|Win32
		{32C7D98D-3DB6-4E57-BF67-7B7B1015B21C}.Debug|x86.Build.0 = Debug|Win32
		{32C7D98D-3DB6-4E57-BF67-7B7B1015B21C}.Release|x64.ActiveCfg = Release|x64
		{32C7D98D-3DB6-4E57-BF67-7B7B1015B21C}.Release|x64.Build.0 = Release|x64
		{32C7D98D-3DB6-4E57-BF67-7B7B1015B21C}.Release|x86.ActiveCfg = Release|Win32
		{32C7D98D-3DB6-4E57-BF67-7B7B1015B21C}.Release|x86.Build.0 = Release|Win32
		{FBAAF2A8-7ED4-459E-AE23-4B4967C47072}.Debug|x64.ActiveCfg = Debug|x64
		{FBAAF2A8-7ED4-459E-AE23-4B4967C47072}.Debug|x64.Build.0 = Debug|x64
		{FBAAF2A8-7ED4-459E-AE23-4B4967C47072}.Debug|x86.ActiveCfg = Debug|Win32
		{FBAAF2A8-7ED4-459E-AE23-4B4967C47072}.Debug|x86.Build.0 = Debug|Win32
		{FBAAF2A8-7ED4-459E-AE23-4B4967C47072}.Release|x64.ActiveCfg = Release|x64
		{FBAAF2A8-7ED4-459E-AE23-4B4967C47072}.Release|x64.Build.0 = Release|x64
		{FBAAF2A8-7ED4-459E-AE23-4B4967C47072}.Release|x86.ActiveCfg = Release|Win32
		{FBAAF2A8-7ED4-459E-AE23-4B4967C47072}.Release|x86.Build.0 = Release|Win32
		{634F4BBC-2824-4DDA-8F39-1572A955D8DB}.Debug|x64.ActiveCfg = Debug|x64
		{634F4BBC-2824-4DDA-8F39-1572A955D8DB}.Debug|x64.Build.0 = Debug|x64
		{634F4BBC-2824-4DDA-8F39-1572A955D8DB}.Debug|x86.ActiveCfg = Debug|Win32
		{634F4BBC-2824-4DDA-8F39-1572A955D8DB}.Debug|x86.Build.0 = Debug|Win32
		{634F4BBC-2824-4DDA-8F39-1572A955D8DB}.Release|x64.ActiveCfg = Release|x64
		{634F4BBC-2824-4DDA-8F39-1572A955D8DB}.Release|x64.Build.0 = Release|x64
		{634F4BBC-2824-4DDA-8F39-1572A955D8DB}.Release|x86.ActiveCfg = Release|Win32
		{634F4BBC-2824-4DDA-8F39-1572A955D8DB}.Release|x86.Build.0 = Release|Win32
		{1BCC1373-2865-40B3-A0E7-F8B5367DC265}.Debug|x64.ActiveCfg = Debug|x64
		{1BCC1373-2865-40B3-A0E7-F8B5367DC265}.Debug|x64.Build.0 = Debug|x64
		{1BCC1373-2865-40B3-A0E7-F8B5367DC265}.Debug|x86.ActiveCfg = Debug|Win32
		{1BCC1373-2865-40B3-A0E7-F8B5367DC265}.Debug|x86.Build.0 = Debug|Win32
		{1BCC1373-2865-40B3-A0E7-F8B5367DC265}.Release|x64.ActiveCfg = Release|x64
		{1BCC1373-2865-40B3-A0E7-F8B5367DC265}.Release|x64.Build.0 = Release|x64
		{1BCC1373-2865-40B3-A0E7-F8B5367DC265}.Release|x86.ActiveCfg = Release|Win32
		{1BCC1373-2865-40B3-A0E7-F8B5367DC265}.Release|x86.Build.0 = Release|Win32
		{4C648DE2-B5B2-4067-A54A-691840BE08B5}.Debug|x64.ActiveCfg = Debug|x64
		{4C648DE2-B5B2-4067-A54A-691840BE08B5}.Debug|x64.Build.0 = Debug|x64
		{4C648DE2-B5B2-4067-A54A-691840BE08B5}.Debug|x86.ActiveCfg = Debug|Win32
		{4C648DE2-B5B2-4067-A54A-691840BE08B5}.Debug|x86.Build.0 = Debug|Win32
		{4C648DE2-B5B2-4067-A54A-691840BE08B5}.Release|x64.ActiveCfg = Release|x64
		{4C648DE2-B5B2-4067-A54A-691840BE08B5}.Release|x64.Build.0 = Release|x64
		{4C648DE2-B5B2-4067-A54A-691840BE08B5}.Release|x86.ActiveCfg = Release|Win32
		{4C648DE2-B5B2-4067-A54A-691840BE08B5}.Release|x86.Build.0 = Release|Win32
		{A59F8483-A4E7-465D-BB17-4206834AA6CF}.Debug|x64.ActiveCfg = Debug|x64
		{A59F8483-A4E7-465D-BB17-4206834AA6CF}.Debug|x64.Build.0 = Debug|x64
		{A59F8483-A4E7-465D-BB17-4206834AA6CF}.Debug|x86.ActiveCfg = Debug|Win32
		{A59F8483-A4E7-465D-BB17-4206834AA6CF}.Debug|x86.Build.0 = Debug|Win32
		{A59F8483-A4E7-465D-BB17-4206834AA6CF}.Release|x64.ActiveCfg = Release|x64
		{A59F8483-A4E7-465D-BB17-4206834AA6CF}.Release|x64.Build.0 = Release|x64
		{A59F8483-A4E7-465D-BB17-4206834AA6CF}.Release|x86.ActiveCfg = Release|Win32
		{A59F8483-A4E7-465D-BB17-4206834AA6CF}.Release|x86.Build.0 = Release|Win32
		{8FE3274F-73E6-447E-9362-20CA81E46EED}.Debug|x64.ActiveCfg = Debug|x64
		{8FE3274F-73E6-447E-9362-20CA81E46EED}.Debug|x64.Build.0 = Debug|x64
		{8FE3274F-73E6-447E-9362-20CA81E46EED}.Debug|x86.ActiveCfg = Debug|Win32
		{8FE3274F-73E6-447E-9362-20CA81E46EED}.Debug|x86.Build.0 = Debug|Win32
		{8FE3274F-73E6-447E-9362-20CA81E46EED}.Release|x64.ActiveCfg = Release|x64
		{8FE3274F-73E6-447E-9362-20CA81E46EED}.Release|x64.Build.0 = Release|x64
		{8FE3274F-73E6-447E-9362-20CA81E46EED}.Release|x86.ActiveCfg = Release|Win32
		{8FE3274F-73E6-447E-9362-20CA81E46EED}.Release|x86.Build.0 = Release|Win32
		{38810BD2-1FBB-4799-B1FF-1753D2EDF85F}.Debug|x64.ActiveCfg = Debug|x64
		{38810BD2-1FBB-4799-B1FF-1753D2EDF85F}.Debug|x64.Build.0 = Debug|x64
		{38810BD2-1FBB-4799-B1FF-1753D2EDF85F}.Debug|x86.ActiveCfg = Debug|Win32
		{38810BD2-1FBB-4799-B1FF-1753D2EDF85F}.Debug|x86.Build.0 = Debug|Win32
		{38810BD2-1FBB-4799-B1FF-1753D2EDF85F}.Release|x64.ActiveCfg = Release|x64
		{38810BD2-1FBB-4799-B1FF-1753D2EDF85F}.Release|x64.Build.0 = Release|x64
		{38810BD2-1FBB-4799-B1FF-1753D2EDF85F}.Release|x86.ActiveCfg = Release|Win32
		{38810BD2-1FBB-4799-B1FF-1753D2EDF85F}.Release|x86.Build.0 = Release|Win32
		{A5587655-82FA-4354-89EA-A0F6A375D5CB}.Debug|x64.ActiveCfg = Debug|x64
		{A5587655-82FA-4354-89EA-A0F6A375D5CB}.Debug|x64.Build.0 = Debug|x64
		{A5587655-82FA-4354-89EA-A0F6A375D5CB}.Debug|x86.ActiveCfg = Debug|Win32
		{A5587655-82FA-4354-89EA-A0F6A375D5CB}.Debug|x86.Build.0 = Debug|Win32
		{A5587655-82FA-4354-89EA-A0F6A375D5CB}.Release|x64.ActiveCfg = Release|x64
		{A5587655-82FA-4354-89EA-A0F6A375D5CB}.Release|x64.Build.0 = Release|x64
		{A5587655-82FA-4354-89EA-A0F6A375D5CB}.Release|x86.ActiveCfg = Release|Win32
		{A5587655-82FA-4354-89EA-A0F6A375D5CB}.Release|x86.Build.0 = Release|Win32
		{A8A44644-AD5C-4662-8753-AE48806C1E7E}.Debug|x64.ActiveCfg = Debug|x64
		{A8A44644-AD5C-4662-8753-AE48806C1E7E}.Debug|x64.Build.0 = Debug|x64
		{A8A44644-AD5C-4662-8753-AE48806C1E7E}.Debug|x86.ActiveCfg = Debug|Win32
		{A8A44644-AD5C-4662-8753-AE48806C1E7E}.Debug|x86.Build.0 = Debug|Win32
		{A8A44644-AD5C-4662-8753-AE48806C1E7E}.Release|x64.ActiveCfg = Release|x64
		{A8A44644-AD5C-4662-8753-AE48806C1E7E}.Release|x64.Build.0 = Release|x64
		{A8A44644-AD5C-4662-8753-AE48806C1E7E}.Release|x86.ActiveCfg = Release|Win32
		{A8A44644-AD5C-4662-8753-AE48806C1E7E}.Release|x86.Build.0 = Release|Win32
	EndGlobalSection
	GlobalSection(SolutionProperties) = preSolution
		HideSolutionNode = FALSE
	EndGlobalSection
	GlobalSection(NestedProjects) = preSolution
		{4CB857C7-3E30-4E26-817B-A75FEA900854} = {5FB27114-F524-4DAB-A213-AE3A97AAAA36}
		{2765826D-8C48-4F8D-B83F-6524E65C748D} = {5FB27114-F524-4DAB-A213-AE3A97AAAA36}
		{B10CEF43-D276-4317-9464-6B84FAC7F99E} = {5FB27114-F524-4DAB-A213-AE3A97AAAA36}
		{FFC9BA92-3ACF-4359-B3E1-05D6B7126479} = {5FB27114-F524-4DAB-A213-AE3A97AAAA36}
		{2163B949-34F7-4130-9AF4-8EE98190A542} = {5FB27114-F524-4DAB-A213-AE3A97AAAA36}
		{B8A4AE93-AB5B-4D23-8385-0DC1CF9FB9DC} = {5FB27114-F524-4DAB-A213-AE3A97AAAA36}
		{FF675BDA-D9AC-44D5-96E6-7F3937FB176D} = {5FB27114-F524-4DAB-A213-AE3A97AAAA36}
		{C437E2F9-94DC-418B-BB15-36E799E44714} = {5FB27114-F524-4DAB-A213-AE3A97AAAA36}
		{FC3361C9-71BF-49E1-A966-6108D7BA0F92} = {5FB27114-F524-4DAB-A213-AE3A97AAAA36}
		{C3282AD1-681D-42AF-B19B-F9F745CBB3E2} = {5FB27114-F524-4DAB-A213-AE3A97AAAA36}
		{66CB75FE-2C14-4F22-BF04-AAF558B2E674} = {5FB27114-F524-4DAB-A213-AE3A97AAAA36}
		{87F6FAC8-6530-4760-96B1-8674F405092C} = {5FB27114-F524-4DAB-A213-AE3A97AAAA36}
		{7826DCAB-5042-4E26-8BDB-F33FD879E2B0} = {5FB27114-F524-4DAB-A213-AE3A97AAAA36}
		{8CF01303-F597-488E-9AB4-6513ACF5D734} = {5FB27114-F524-4DAB-A213-AE3A97AAAA36}
		{101F80A1-2BC1-4D4B-8A8C-DDB0374C53DD} = {5FB27114-F524-4DAB-A213-AE3A97AAAA36}
		{77B5AC01-295C-45A2-8252-4C35EF9BE3B1} = {5FB27114-F524-4DAB-A213-AE3A97AAAA36}
		{E51E4CE2-4CF2-40D2-BA5D-A79BCC2E6848} = {5FB27114-F524-4DAB-A213-AE3A97AAAA36}
		{32C7D98D-3DB6-4E57-BF67-7B7B1015B21C} = {5FB27114-F524-4DAB-A213-AE3A97AAAA36}
		{FBAAF2A8-7ED4-459E-AE23-4B4967C47072} = {5FB27114-F524-4DAB-A213-AE3A97AAAA36}
		{634F4BBC-2824-4DDA-8F39-1572A955D8DB} = {5FB27114-F524-4DAB-A213-AE3A97AAAA36}
		{1BCC1373-2865-40B3-A0E7-F8B5367DC265} = {5FB27114-F524-4DAB-A213-AE3A97AAAA36}
		{4C648DE2-B5B2-4067-A54A-691840BE08B5} = {5FB27114-F524-4DAB-A213-AE3A97AAAA36}
		{A59F8483-A4E7-465D-BB17-4206834AA6CF} = {5FB27114-F524-4DAB-A213-AE3A97AAAA36}
		{38810BD2-1FBB-4799-B1FF-1753D2EDF85F} = {5FB27114-F524-4DAB-A213-AE3A97AAAA36}
		{A5587655-82FA-4354-89EA-A0F6A375D5CB} = {5FB27114-F524-4DAB-A213-AE3A97AAAA36}
		{A8A44644-AD5C-4662-8753-AE48806C1E7E} = {5FB27114-F524-4DAB-A213-AE3A97AAAA36}
	EndGlobalSection
	GlobalSection(ExtensibilityGlobals) = postSolution
		SolutionGuid = {D442FB1B-EDDA-4D43-A2C1-9533C2AB0139}
	EndGlobalSection
EndGlobal
